PODS:
  - Alamofire (5.8.1)
  - HDCommon (1.0.2):
    - HDCommon/Base (= 1.0.2)
    - HDCommon/Extensions (= 1.0.2)
    - HDCommon/Networking (= 1.0.2)
    - HDCommon/Utils (= 1.0.2)
  - HDCommon/Base (1.0.2)
  - HDCommon/Extensions (1.0.2)
  - HDCommon/Networking (1.0.2):
    - Alamofire
  - HDCommon/Utils (1.0.2)

DEPENDENCIES:
  - HDCommon (from `../`)

SPEC REPOS:
  trunk:
    - Alamofire

EXTERNAL SOURCES:
  HDCommon:
    :path: "../"

SPEC CHECKSUMS:
  Alamofire: 3ca42e259043ee0dc5c0cdd76c4bc568b8e42af7
  HDCommon: a4a92f168435ae27bae10f3b50a9e5b6db3fc513

PODFILE CHECKSUM: f8d1d59b86e817411207b9e15a069b8e6351c65d

COCOAPODS: 1.15.2
